
Microsoft Visual Studio Solution File, Format Version 12.00
# Visual Studio Version 16
VisualStudioVersion = 16.0.31321.278
MinimumVisualStudioVersion = 10.0.40219.1
Project("{FAE04EC0-301F-11D3-BF4B-00C04F79EFBC}") = "server", "server\server.csproj", "{82B4BA29-6B8A-4EB8-8E61-36722C9B5CA6}"
EndProject
Project("{FAE04EC0-301F-11D3-BF4B-00C04F79EFBC}") = "client", "client\client.csproj", "{677097C3-7071-4FD6-8450-06662426CE54}"
EndProject
Project("{2150E333-8FDC-42A3-9474-1A3956D46DE8}") = "proto", "proto", "{5B6A6949-08D7-4F43-97BB-EA1C6658C433}"
	ProjectSection(SolutionItems) = preProject
		calculator.proto = calculator.proto
	EndProjectSection
EndProject
Global
	GlobalSection(SolutionConfigurationPlatforms) = preSolution
		Debug|Any CPU = Debug|Any CPU
		Release|Any CPU = Release|Any CPU
	EndGlobalSection
	GlobalSection(ProjectConfigurationPlatforms) = postSolution
		{82B4BA29-6B8A-4EB8-8E61-36722C9B5CA6}.Debug|Any CPU.ActiveCfg = Debug|Any CPU
		{82B4BA29-6B8A-4EB8-8E61-36722C9B5CA6}.Debug|Any CPU.Build.0 = Debug|Any CPU
		{82B4BA29-6B8A-4EB8-8E61-36722C9B5CA6}.Release|Any CPU.ActiveCfg = Release|Any CPU
		{82B4BA29-6B8A-4EB8-8E61-36722C9B5CA6}.Release|Any CPU.Build.0 = Release|Any CPU
		{677097C3-7071-4FD6-8450-06662426CE54}.Debug|Any CPU.ActiveCfg = Debug|Any CPU
		{677097C3-7071-4FD6-8450-06662426CE54}.Debug|Any CPU.Build.0 = Debug|Any CPU
		{677097C3-7071-4FD6-8450-06662426CE54}.Release|Any CPU.ActiveCfg = Release|Any CPU
		{677097C3-7071-4FD6-8450-06662426CE54}.Release|Any CPU.Build.0 = Release|Any CPU
	EndGlobalSection
	GlobalSection(SolutionProperties) = preSolution
		HideSolutionNode = FALSE
	EndGlobalSection
	GlobalSection(ExtensibilityGlobals) = postSolution
		SolutionGuid = {4CDC514D-7225-4182-B4C6-8AC2F3A3170A}
	EndGlobalSection
EndGlobal
